
Microsoft Visual Studio Solution File, Format Version 11.00
# Visual Studio 2010
Project("{FAE04EC0-301F-11D3-BF4B-00C04F79EFBC}") = "Cave Life", "Assembly-CSharp.csproj", "{431EEF4F-E307-F2CB-3826-6F608A4F2F8C}"
EndProject
Project("{FAE04EC0-301F-11D3-BF4B-00C04F79EFBC}") = "Cave Life", "Assembly-CSharp-Editor.csproj", "{1937C318-2E36-EEDC-835F-E515BF0DBA92}"
EndProject
Global
	GlobalSection(SolutionConfigurationPlatforms) = preSolution
		Debug|Any CPU = Debug|Any CPU
		Release|Any CPU = Release|Any CPU
	EndGlobalSection
	GlobalSection(ProjectConfigurationPlatforms) = postSolution
		{431EEF4F-E307-F2CB-3826-6F608A4F2F8C}.Debug|Any CPU.ActiveCfg = Debug|Any CPU
		{431EEF4F-E307-F2CB-3826-6F608A4F2F8C}.Debug|Any CPU.Build.0 = Debug|Any CPU
		{431EEF4F-E307-F2CB-3826-6F608A4F2F8C}.Release|Any CPU.ActiveCfg = Release|Any CPU
		{431EEF4F-E307-F2CB-3826-6F608A4F2F8C}.Release|Any CPU.Build.0 = Release|Any CPU
		{1937C318-2E36-EEDC-835F-E515BF0DBA92}.Debug|Any CPU.ActiveCfg = Debug|Any CPU
		{1937C318-2E36-EEDC-835F-E515BF0DBA92}.Debug|Any CPU.Build.0 = Debug|Any CPU
		{1937C318-2E36-EEDC-835F-E515BF0DBA92}.Release|Any CPU.ActiveCfg = Release|Any CPU
		{1937C318-2E36-EEDC-835F-E515BF0DBA92}.Release|Any CPU.Build.0 = Release|Any CPU
	EndGlobalSection
	GlobalSection(SolutionProperties) = preSolution
		HideSolutionNode = FALSE
	EndGlobalSection
	GlobalSection(MonoDevelopProperties) = preSolution
		StartupItem = Assembly-CSharp.csproj
	EndGlobalSection
EndGlobal
